Microsoft Visual Studio Solution File, Format Version 12.00
# Visual Studio Version 17
VisualStudioVersion = 17.5.2.0
MinimumVisualStudioVersion = 10.0.40219.1
Project("{FAE04EC0-301F-11D3-BF4B-00C04F79EFBC}") = "MathSiteProject", "MathSiteProject.csproj", "{9682BE67-0159-A48E-EC84-0331C4079CFE}"
EndProject
Global
	GlobalSection(SolutionConfigurationPlatforms) = preSolution
		Debug|Any CPU = Debug|Any CPU
		Release|Any CPU = Release|Any CPU
	EndGlobalSection
	GlobalSection(ProjectConfigurationPlatforms) = postSolution
		{9682BE67-0159-A48E-EC84-0331C4079CFE}.Debug|Any CPU.ActiveCfg = Debug|Any CPU
		{9682BE67-0159-A48E-EC84-0331C4079CFE}.Debug|Any CPU.Build.0 = Debug|Any CPU
		{9682BE67-0159-A48E-EC84-0331C4079CFE}.Release|Any CPU.ActiveCfg = Release|Any CPU
		{9682BE67-0159-A48E-EC84-0331C4079CFE}.Release|Any CPU.Build.0 = Release|Any CPU
	EndGlobalSection
	GlobalSection(SolutionProperties) = preSolution
		HideSolutionNode = FALSE
	EndGlobalSection
	GlobalSection(ExtensibilityGlobals) = postSolution
		SolutionGuid = {2CDF3132-426D-471F-A624-E279161007FB}
	EndGlobalSection
EndGlobal
